lockfileVersion: '6.0'

settings:
  autoInstallPeers: true
  excludeLinksFromLockfile: false

dependencies:
  react:
    specifier: ^18.2.0
    version: 18.2.0
  react-dom:
    specifier: ^18.2.0
    version: 18.2.0

devDependencies:
  '@types/react':
    specifier: ^18.2.66
    version: 18.2.66
  '@types/react-dom':
    specifier: ^18.2.22
    version: 18.2.22
  '@vitejs/plugin-react':
    specifier: ^4.2.1
    version: 4.2.1
  eslint:
    specifier: ^8.57.0
    version: 8.57.0
  eslint-plugin-react:
    specifier: ^7.34.1
    version: 7.34.1_eslint@8.57.0
  eslint-plugin-react-hooks:
    specifier: ^4.6.0
    version: 4.6.0_react@18.2.0
  eslint-plugin-react-refresh:
    specifier: ^0.4.6
    version: 0.4.6_eslint@8.57.0
  vite:
    specifier: ^5.2.0
    version: 5.2.0